// !$*UTF8*$!
{
	archiveVersion = 1;
	classes = {
	};
	objectVersion = 56;
	objects = {

/* Begin PBXBuildFile section */
		4C31D0232BA9DC79005D1AD8 /* My_MainBackroundStyle.swift in Sources */ = {isa = PBXBuildFile; fileRef = 4C31D0222BA9DC79005D1AD8 /* My_MainBackroundStyle.swift */; };
		4C31D0282BA9F2E2005D1AD8 /* ActorView.swift in Sources */ = {isa = PBXBuildFile; fileRef = 4C31D0272BA9F2E2005D1AD8 /* ActorView.swift */; };
		4C31D02C2BA9FE49005D1AD8 /* IndicatorParrot.swift in Sources */ = {isa = PBXBuildFile; fileRef = 4C31D02B2BA9FE49005D1AD8 /* IndicatorParrot.swift */; };
		4C31D02E2BA9FFD3005D1AD8 /* Header.swift in Sources */ = {isa = PBXBuildFile; fileRef = 4C31D02D2BA9FFD3005D1AD8 /* Header.swift */; };
		4C31D0302BAA0126005D1AD8 /* IndicatorSnake.swift in Sources */ = {isa = PBXBuildFile; fileRef = 4C31D02F2BAA0126005D1AD8 /* IndicatorSnake.swift */; };
		4C31D0322BAA029A005D1AD8 /* IndicatorRhino.swift in Sources */ = {isa = PBXBuildFile; fileRef = 4C31D0312BAA029A005D1AD8 /* IndicatorRhino.swift */; };
		4C31D0412BAB4458005D1AD8 /* IndicatorHippo.swift in Sources */ = {isa = PBXBuildFile; fileRef = 4C31D0402BAB4458005D1AD8 /* IndicatorHippo.swift */; };
		4C65D8A429DC9D350016B61D /* Multiplication_tablesApp.swift in Sources */ = {isa = PBXBuildFile; fileRef = 4C65D8A329DC9D350016B61D /* Multiplication_tablesApp.swift */; };
		4C65D8A629DC9D350016B61D /* ContentView.swift in Sources */ = {isa = PBXBuildFile; fileRef = 4C65D8A529DC9D350016B61D /* ContentView.swift */; };
		4C65D8A829DC9D380016B61D /* Assets.xcassets in Resources */ = {isa = PBXBuildFile; fileRef = 4C65D8A729DC9D380016B61D /* Assets.xcassets */; };
		4C65D8AB29DC9D380016B61D /* Preview Assets.xcassets in Resources */ = {isa = PBXBuildFile; fileRef = 4C65D8AA29DC9D380016B61D /* Preview Assets.xcassets */; };
/* End PBXBuildFile section */

/* Begin PBXFileReference section */
		4C31D0222BA9DC79005D1AD8 /* My_MainBackroundStyle.swift */ = {isa = PBXFileReference; lastKnownFileType = sourcecode.swift; path = My_MainBackroundStyle.swift; sourceTree = "<group>"; };
		4C31D0272BA9F2E2005D1AD8 /* ActorView.swift */ = {isa = PBXFileReference; lastKnownFileType = sourcecode.swift; path = ActorView.swift; sourceTree = "<group>"; };
		4C31D02B2BA9FE49005D1AD8 /* IndicatorParrot.swift */ = {isa = PBXFileReference; lastKnownFileType = sourcecode.swift; path = IndicatorParrot.swift; sourceTree = "<group>"; };
		4C31D02D2BA9FFD3005D1AD8 /* Header.swift */ = {isa = PBXFileReference; lastKnownFileType = sourcecode.swift; path = Header.swift; sourceTree = "<group>"; };
		4C31D02F2BAA0126005D1AD8 /* IndicatorSnake.swift */ = {isa = PBXFileReference; lastKnownFileType = sourcecode.swift; path = IndicatorSnake.swift; sourceTree = "<group>"; };
		4C31D0312BAA029A005D1AD8 /* IndicatorRhino.swift */ = {isa = PBXFileReference; lastKnownFileType = sourcecode.swift; path = IndicatorRhino.swift; sourceTree = "<group>"; };
		4C31D0402BAB4458005D1AD8 /* IndicatorHippo.swift */ = {isa = PBXFileReference; lastKnownFileType = sourcecode.swift; path = IndicatorHippo.swift; sourceTree = "<group>"; };
		4C65D8A029DC9D350016B61D /* Multiplication tables.app */ = {isa = PBXFileReference; explicitFileType = wrapper.application; includeInIndex = 0; path = "Multiplication tables.app"; sourceTree = BUILT_PRODUCTS_DIR; };
		4C65D8A329DC9D350016B61D /* Multiplication_tablesApp.swift */ = {isa = PBXFileReference; lastKnownFileType = sourcecode.swift; path = Multiplication_tablesApp.swift; sourceTree = "<group>"; };
		4C65D8A529DC9D350016B61D /* ContentView.swift */ = {isa = PBXFileReference; lastKnownFileType = sourcecode.swift; path = ContentView.swift; sourceTree = "<group>"; };
		4C65D8A729DC9D380016B61D /* Assets.xcassets */ = {isa = PBXFileReference; lastKnownFileType = folder.assetcatalog; path = Assets.xcassets; sourceTree = "<group>"; };
		4C65D8AA29DC9D380016B61D /* Preview Assets.xcassets */ = {isa = PBXFileReference; lastKnownFileType = folder.assetcatalog; path = "Preview Assets.xcassets"; sourceTree = "<group>"; };
/* End PBXFileReference section */

/* Begin PBXFrameworksBuildPhase section */
		4C65D89D29DC9D350016B61D /* Frameworks */ = {
			isa = PBXFrameworksBuildPhase;
			buildActionMask = 2147483647;
			files = (
			);
			runOnlyForDeploymentPostprocessing = 0;
		};
/* End PBXFrameworksBuildPhase section */

/* Begin PBXGroup section */
		4C31D0442BAB94BB005D1AD8 /* Secondary Views */ = {
			isa = PBXGroup;
			children = (
				4C31D0222BA9DC79005D1AD8 /* My_MainBackroundStyle.swift */,
				4C31D02D2BA9FFD3005D1AD8 /* Header.swift */,
				4C31D02B2BA9FE49005D1AD8 /* IndicatorParrot.swift */,
				4C31D02F2BAA0126005D1AD8 /* IndicatorSnake.swift */,
				4C31D0312BAA029A005D1AD8 /* IndicatorRhino.swift */,
				4C31D0402BAB4458005D1AD8 /* IndicatorHippo.swift */,
			);
			path = "Secondary Views";
			sourceTree = "<group>";
		};
		4C65D89729DC9D350016B61D = {
			isa = PBXGroup;
			children = (
				4C65D8A229DC9D350016B61D /* Multiplication tables */,
				4C65D8A129DC9D350016B61D /* Products */,
			);
			sourceTree = "<group>";
		};
		4C65D8A129DC9D350016B61D /* Products */ = {
			isa = PBXGroup;
			children = (
				4C65D8A029DC9D350016B61D /* Multiplication tables.app */,
			);
			name = Products;
			sourceTree = "<group>";
		};
		4C65D8A229DC9D350016B61D /* Multiplication tables */ = {
			isa = PBXGroup;
			children = (
				4C65D8A329DC9D350016B61D /* Multiplication_tablesApp.swift */,
				4CE68F912BA9C1BD0000304E /* Views */,
				4C65D8A729DC9D380016B61D /* Assets.xcassets */,
				4C65D8A929DC9D380016B61D /* Preview Content */,
			);
			path = "Multiplication tables";
			sourceTree = "<group>";
		};
		4C65D8A929DC9D380016B61D /* Preview Content */ = {
			isa = PBXGroup;
			children = (
				4C65D8AA29DC9D380016B61D /* Preview Assets.xcassets */,
			);
			path = "Preview Content";
			sourceTree = "<group>";
		};
		4CE68F912BA9C1BD0000304E /* Views */ = {
			isa = PBXGroup;
			children = (
				4C65D8A529DC9D350016B61D /* ContentView.swift */,
				4C31D0272BA9F2E2005D1AD8 /* ActorView.swift */,
				4C31D0442BAB94BB005D1AD8 /* Secondary Views */,
			);
			path = Views;
			sourceTree = "<group>";
		};
/* End PBXGroup section */

/* Begin PBXNativeTarget section */
		4C65D89F29DC9D350016B61D /* Multiplication tables */ = {
			isa = PBXNativeTarget;
			buildConfigurationList = 4C65D8AE29DC9D380016B61D /* Build configuration list for PBXNativeTarget "Multiplication tables" */;
			buildPhases = (
				4C65D89C29DC9D350016B61D /* Sources */,
				4C65D89D29DC9D350016B61D /* Frameworks */,
				4C65D89E29DC9D350016B61D /* Resources */,
			);
			buildRules = (
			);
			dependencies = (
			);
			name = "Multiplication tables";
			productName = "Multiplication tables";
			productReference = 4C65D8A029DC9D350016B61D /* Multiplication tables.app */;
			productType = "com.apple.product-type.application";
		};
/* End PBXNativeTarget section */

/* Begin PBXProject section */
		4C65D89829DC9D350016B61D /* Project object */ = {
			isa = PBXProject;
			attributes = {
				BuildIndependentTargetsInParallel = 1;
				LastSwiftUpdateCheck = 1420;
				LastUpgradeCheck = 1420;
				TargetAttributes = {
					4C65D89F29DC9D350016B61D = {
						CreatedOnToolsVersion = 14.2;
					};
				};
			};
			buildConfigurationList = 4C65D89B29DC9D350016B61D /* Build configuration list for PBXProject "Multiplication tables" */;
			compatibilityVersion = "Xcode 14.0";
			developmentRegion = en;
			hasScannedForEncodings = 0;
			knownRegions = (
				en,
				Base,
			);
			mainGroup = 4C65D89729DC9D350016B61D;
			productRefGroup = 4C65D8A129DC9D350016B61D /* Products */;
			projectDirPath = "";
			projectRoot = "";
			targets = (
				4C65D89F29DC9D350016B61D /* Multiplication tables */,
			);
		};
/* End PBXProject section */

/* Begin PBXResourcesBuildPhase section */
		4C65D89E29DC9D350016B61D /* Resources */ = {
			isa = PBXResourcesBuildPhase;
			buildActionMask = 2147483647;
			files = (
				4C65D8AB29DC9D380016B61D /* Preview Assets.xcassets in Resources */,
				4C65D8A829DC9D380016B61D /* Assets.xcassets in Resources */,
			);
			runOnlyForDeploymentPostprocessing = 0;
		};
/* End PBXResourcesBuildPhase section */

/* Begin PBXSourcesBuildPhase section */
		4C65D89C29DC9D350016B61D /* Sources */ = {
			isa = PBXSourcesBuildPhase;
			buildActionMask = 2147483647;
			files = (
				4C31D0412BAB4458005D1AD8 /* IndicatorHippo.swift in Sources */,
				4C31D02E2BA9FFD3005D1AD8 /* Header.swift in Sources */,
				4C65D8A629DC9D350016B61D /* ContentView.swift in Sources */,
				4C31D0322BAA029A005D1AD8 /* IndicatorRhino.swift in Sources */,
				4C65D8A429DC9D350016B61D /* Multiplication_tablesApp.swift in Sources */,
				4C31D02C2BA9FE49005D1AD8 /* IndicatorParrot.swift in Sources */,
				4C31D0282BA9F2E2005D1AD8 /* ActorView.swift in Sources */,
				4C31D0302BAA0126005D1AD8 /* IndicatorSnake.swift in Sources */,
				4C31D0232BA9DC79005D1AD8 /* My_MainBackroundStyle.swift in Sources */,
			);
			runOnlyForDeploymentPostprocessing = 0;
		};
/* End PBXSourcesBuildPhase section */

/* Begin XCBuildConfiguration section */
		4C65D8AC29DC9D380016B61D /* Debug */ = {
			isa = XCBuildConfiguration;
			buildSettings = {
				ALWAYS_SEARCH_USER_PATHS = NO;
				CLANG_ANALYZER_NONNULL = YES;
				CLANG_ANALYZER_NUMBER_OBJECT_CONVERSION = YES_AGGRESSIVE;
				CLANG_CXX_LANGUAGE_STANDARD = "gnu++20";
				CLANG_ENABLE_MODULES = YES;
				CLANG_ENABLE_OBJC_ARC = YES;
				CLANG_ENABLE_OBJC_WEAK = YES;
				CLANG_WARN_BLOCK_CAPTURE_AUTORELEASING = YES;
				CLANG_WARN_BOOL_CONVERSION = YES;
				CLANG_WARN_COMMA = YES;
				CLANG_WARN_CONSTANT_CONVERSION = YES;
				CLANG_WARN_DEPRECATED_OBJC_IMPLEMENTATIONS = YES;
				CLANG_WARN_DIRECT_OBJC_ISA_USAGE = YES_ERROR;
				CLANG_WARN_DOCUMENTATION_COMMENTS = YES;
				CLANG_WARN_EMPTY_BODY = YES;
				CLANG_WARN_ENUM_CONVERSION = YES;
				CLANG_WARN_INFINITE_RECURSION = YES;
				CLANG_WARN_INT_CONVERSION = YES;
				CLANG_WARN_NON_LITERAL_NULL_CONVERSION = YES;
				CLANG_WARN_OBJC_IMPLICIT_RETAIN_SELF = YES;
				CLANG_WARN_OBJC_LITERAL_CONVERSION = YES;
				CLANG_WARN_OBJC_ROOT_CLASS = YES_ERROR;
				CLANG_WARN_QUOTED_INCLUDE_IN_FRAMEWORK_HEADER = YES;
				CLANG_WARN_RANGE_LOOP_ANALYSIS = YES;
				CLANG_WARN_STRICT_PROTOTYPES = YES;
				CLANG_WARN_SUSPICIOUS_MOVE = YES;
				CLANG_WARN_UNGUARDED_AVAILABILITY = YES_AGGRESSIVE;
				CLANG_WARN_UNREACHABLE_CODE = YES;
				CLANG_WARN__DUPLICATE_METHOD_MATCH = YES;
				COPY_PHASE_STRIP = NO;
				DEBUG_INFORMATION_FORMAT = dwarf;
				ENABLE_STRICT_OBJC_MSGSEND = YES;
				ENABLE_TESTABILITY = YES;
				GCC_C_LANGUAGE_STANDARD = gnu11;
				GCC_DYNAMIC_NO_PIC = NO;
				GCC_NO_COMMON_BLOCKS = YES;
				GCC_OPTIMIZATION_LEVEL = 0;
				GCC_PREPROCESSOR_DEFINITIONS = (
					"DEBUG=1",
					"$(inherited)",
				);
				GCC_WARN_64_TO_32_BIT_CONVERSION = YES;
				GCC_WARN_ABOUT_RETURN_TYPE = YES_ERROR;
				GCC_WARN_UNDECLARED_SELECTOR = YES;
				GCC_WARN_UNINITIALIZED_AUTOS = YES_AGGRESSIVE;
				GCC_WARN_UNUSED_FUNCTION = YES;
				GCC_WARN_UNUSED_VARIABLE = YES;
				IPHONEOS_DEPLOYMENT_TARGET = 16.2;
				MTL_ENABLE_DEBUG_INFO = INCLUDE_SOURCE;
				MTL_FAST_MATH = YES;
				ONLY_ACTIVE_ARCH = YES;
				SDKROOT = iphoneos;
				SWIFT_ACTIVE_COMPILATION_CONDITIONS = DEBUG;
				SWIFT_OPTIMIZATION_LEVEL = "-Onone";
			};
			name = Debug;
		};
		4C65D8AD29DC9D380016B61D /* Release */ = {
			isa = XCBuildConfiguration;
			buildSettings = {
				ALWAYS_SEARCH_USER_PATHS = NO;
				CLANG_ANALYZER_NONNULL = YES;
				CLANG_ANALYZER_NUMBER_OBJECT_CONVERSION = YES_AGGRESSIVE;
				CLANG_CXX_LANGUAGE_STANDARD = "gnu++20";
				CLANG_ENABLE_MODULES = YES;
				CLANG_ENABLE_OBJC_ARC = YES;
				CLANG_ENABLE_OBJC_WEAK = YES;
				CLANG_WARN_BLOCK_CAPTURE_AUTORELEASING = YES;
				CLANG_WARN_BOOL_CONVERSION = YES;
				CLANG_WARN_COMMA = YES;
				CLANG_WARN_CONSTANT_CONVERSION = YES;
				CLANG_WARN_DEPRECATED_OBJC_IMPLEMENTATIONS = YES;
				CLANG_WARN_DIRECT_OBJC_ISA_USAGE = YES_ERROR;
				CLANG_WARN_DOCUMENTATION_COMMENTS = YES;
				CLANG_WARN_EMPTY_BODY = YES;
				CLANG_WARN_ENUM_CONVERSION = YES;
				CLANG_WARN_INFINITE_RECURSION = YES;
				CLANG_WARN_INT_CONVERSION = YES;
				CLANG_WARN_NON_LITERAL_NULL_CONVERSION = YES;
				CLANG_WARN_OBJC_IMPLICIT_RETAIN_SELF = YES;
				CLANG_WARN_OBJC_LITERAL_CONVERSION = YES;
				CLANG_WARN_OBJC_ROOT_CLASS = YES_ERROR;
				CLANG_WARN_QUOTED_INCLUDE_IN_FRAMEWORK_HEADER = YES;
				CLANG_WARN_RANGE_LOOP_ANALYSIS = YES;
				CLANG_WARN_STRICT_PROTOTYPES = YES;
				CLANG_WARN_SUSPICIOUS_MOVE = YES;
				CLANG_WARN_UNGUARDED_AVAILABILITY = YES_AGGRESSIVE;
				CLANG_WARN_UNREACHABLE_CODE = YES;
				CLANG_WARN__DUPLICATE_METHOD_MATCH = YES;
				COPY_PHASE_STRIP = NO;
				DEBUG_INFORMATION_FORMAT = "dwarf-with-dsym";
				ENABLE_NS_ASSERTIONS = NO;
				ENABLE_STRICT_OBJC_MSGSEND = YES;
				GCC_C_LANGUAGE_STANDARD = gnu11;
				GCC_NO_COMMON_BLOCKS = YES;
				GCC_WARN_64_TO_32_BIT_CONVERSION = YES;
				GCC_WARN_ABOUT_RETURN_TYPE = YES_ERROR;
				GCC_WARN_UNDECLARED_SELECTOR = YES;
				GCC_WARN_UNINITIALIZED_AUTOS = YES_AGGRESSIVE;
				GCC_WARN_UNUSED_FUNCTION = YES;
				GCC_WARN_UNUSED_VARIABLE = YES;
				IPHONEOS_DEPLOYMENT_TARGET = 16.2;
				MTL_ENABLE_DEBUG_INFO = NO;
				MTL_FAST_MATH = YES;
				SDKROOT = iphoneos;
				SWIFT_COMPILATION_MODE = wholemodule;
				SWIFT_OPTIMIZATION_LEVEL = "-O";
				VALIDATE_PRODUCT = YES;
			};
			name = Release;
		};
		4C65D8AF29DC9D380016B61D /* Debug */ = {
			isa = XCBuildConfiguration;
			buildSettings = {
				ASSETCATALOG_COMPILER_APPICON_NAME = AppIcon;
				ASSETCATALOG_COMPILER_GLOBAL_ACCENT_COLOR_NAME = AccentColor;
				CODE_SIGN_IDENTITY = "Apple Development";
				CODE_SIGN_STYLE = Automatic;
				CURRENT_PROJECT_VERSION = 1;
				DEVELOPMENT_ASSET_PATHS = "\"Multiplication tables/Preview Content\"";
				DEVELOPMENT_TEAM = 5F5V2XRZ66;
				ENABLE_PREVIEWS = YES;
				GENERATE_INFOPLIST_FILE = YES;
				INFOPLIST_KEY_CFBundleDisplayName = "Times tables";
				INFOPLIST_KEY_LSApplicationCategoryType = "public.app-category.educational-games";
				INFOPLIST_KEY_UIApplicationSceneManifest_Generation = YES;
				INFOPLIST_KEY_UIApplicationSupportsIndirectInputEvents = YES;
				INFOPLIST_KEY_UILaunchScreen_Generation = YES;
				INFOPLIST_KEY_UIRequiresFullScreen = YES;
				INFOPLIST_KEY_UISupportedInterfaceOrientations = UIInterfaceOrientationPortrait;
				INFOPLIST_KEY_UISupportedInterfaceOrientations_iPad = UIInterfaceOrientationLandscapeRight;
				IPHONEOS_DEPLOYMENT_TARGET = 15.2;
				LD_RUNPATH_SEARCH_PATHS = (
					"$(inherited)",
					"@executable_path/Frameworks",
				);
				MARKETING_VERSION = 0.1.0;
				PRODUCT_BUNDLE_IDENTIFIER = "myselfcode.Multiplication-tables";
				PRODUCT_NAME = "$(TARGET_NAME)";
				PROVISIONING_PROFILE_SPECIFIER = "";
				SWIFT_EMIT_LOC_STRINGS = YES;
				SWIFT_VERSION = 5.0;
				TARGETED_DEVICE_FAMILY = "1,2";
			};
			name = Debug;
		};
		4C65D8B029DC9D380016B61D /* Release */ = {
			isa = XCBuildConfiguration;
			buildSettings = {
				ASSETCATALOG_COMPILER_APPICON_NAME = AppIcon;
				ASSETCATALOG_COMPILER_GLOBAL_ACCENT_COLOR_NAME = AccentColor;
				CODE_SIGN_IDENTITY = "Apple Development";
				CODE_SIGN_STYLE = Automatic;
				CURRENT_PROJECT_VERSION = 1;
				DEVELOPMENT_ASSET_PATHS = "\"Multiplication tables/Preview Content\"";
				DEVELOPMENT_TEAM = 5F5V2XRZ66;
				ENABLE_PREVIEWS = YES;
				GENERATE_INFOPLIST_FILE = YES;
				INFOPLIST_KEY_CFBundleDisplayName = "Times tables";
				INFOPLIST_KEY_LSApplicationCategoryType = "public.app-category.educational-games";
				INFOPLIST_KEY_UIApplicationSceneManifest_Generation = YES;
				INFOPLIST_KEY_UIApplicationSupportsIndirectInputEvents = YES;
				INFOPLIST_KEY_UILaunchScreen_Generation = YES;
				INFOPLIST_KEY_UIRequiresFullScreen = YES;
				INFOPLIST_KEY_UISupportedInterfaceOrientations = UIInterfaceOrientationPortrait;
				INFOPLIST_KEY_UISupportedInterfaceOrientations_iPad = UIInterfaceOrientationLandscapeRight;
				IPHONEOS_DEPLOYMENT_TARGET = 15.2;
				LD_RUNPATH_SEARCH_PATHS = (
					"$(inherited)",
					"@executable_path/Frameworks",
				);
				MARKETING_VERSION = 0.1.0;
				PRODUCT_BUNDLE_IDENTIFIER = "myselfcode.Multiplication-tables";
				PRODUCT_NAME = "$(TARGET_NAME)";
				PROVISIONING_PROFILE_SPECIFIER = "";
				SWIFT_EMIT_LOC_STRINGS = YES;
				SWIFT_VERSION = 5.0;
				TARGETED_DEVICE_FAMILY = "1,2";
			};
			name = Release;
		};
/* End XCBuildConfiguration section */

/* Begin XCConfigurationList section */
		4C65D89B29DC9D350016B61D /* Build configuration list for PBXProject "Multiplication tables" */ = {
			isa = XCConfigurationList;
			buildConfigurations = (
				4C65D8AC29DC9D380016B61D /* Debug */,
				4C65D8AD29DC9D380016B61D /* Release */,
			);
			defaultConfigurationIsVisible = 0;
			defaultConfigurationName = Release;
		};
		4C65D8AE29DC9D380016B61D /* Build configuration list for PBXNativeTarget "Multiplication tables" */ = {
			isa = XCConfigurationList;
			buildConfigurations = (
				4C65D8AF29DC9D380016B61D /* Debug */,
				4C65D8B029DC9D380016B61D /* Release */,
			);
			defaultConfigurationIsVisible = 0;
			defaultConfigurationName = Release;
		};
/* End XCConfigurationList section */
	};
	rootObject = 4C65D89829DC9D350016B61D /* Project object */;
}
